// !$*UTF8*$!
{
	archiveVersion = 1;
	classes = {
	};
	objectVersion = 56;
	objects = {

/* Begin PBXBuildFile section */
		5103D3032A26F97C00BA4D6B /* OpenAIMessageSender.swift in Sources */ = {isa = PBXBuildFile; fileRef = 5103D3022A26F97C00BA4D6B /* OpenAIMessageSender.swift */; };
		5103D3052A26F9A400BA4D6B /* HTTPClient.swift in Sources */ = {isa = PBXBuildFile; fileRef = 5103D3042A26F9A400BA4D6B /* HTTPClient.swift */; };
		5103D3072A26F9CF00BA4D6B /* Message.swift in Sources */ = {isa = PBXBuildFile; fileRef = 5103D3062A26F9CF00BA4D6B /* Message.swift */; };
		5103D3092A279E3400BA4D6B /* PromptSender.swift in Sources */ = {isa = PBXBuildFile; fileRef = 5103D3082A279E3400BA4D6B /* PromptSender.swift */; };
		5103D30B2A27A17500BA4D6B /* URLSessionHTTPClientTests.swift in Sources */ = {isa = PBXBuildFile; fileRef = 5103D30A2A27A17500BA4D6B /* URLSessionHTTPClientTests.swift */; };
		5133BD172A33F27000B35668 /* AIAssistantMacOSApp.swift in Sources */ = {isa = PBXBuildFile; fileRef = 5133BD162A33F27000B35668 /* AIAssistantMacOSApp.swift */; };
		5133BD1B2A33F27100B35668 /* Assets.xcassets in Resources */ = {isa = PBXBuildFile; fileRef = 5133BD1A2A33F27100B35668 /* Assets.xcassets */; };
		5133BD1E2A33F27100B35668 /* Preview Assets.xcassets in Resources */ = {isa = PBXBuildFile; fileRef = 5133BD1D2A33F27100B35668 /* Preview Assets.xcassets */; };
		515B91E52A26306100599B59 /* AIAssistant.framework in Frameworks */ = {isa = PBXBuildFile; fileRef = 515B91DC2A26306100599B59 /* AIAssistant.framework */; };
		515B91F52A26319600599B59 /* OpenAIMessageSenderTests.swift in Sources */ = {isa = PBXBuildFile; fileRef = 515B91F42A26319600599B59 /* OpenAIMessageSenderTests.swift */; };
		517ECCC42A4D3B030084DE5C /* APIKeyLoader.swift in Sources */ = {isa = PBXBuildFile; fileRef = 517ECCC32A4D3B030084DE5C /* APIKeyLoader.swift */; };
		517ECCC62A4D3B7B0084DE5C /* APIKeySaver.swift in Sources */ = {isa = PBXBuildFile; fileRef = 517ECCC52A4D3B7B0084DE5C /* APIKeySaver.swift */; };
		517ECCC82A4D3EDD0084DE5C /* InMemoryAPIKeyStore.swift in Sources */ = {isa = PBXBuildFile; fileRef = 517ECCC72A4D3EDD0084DE5C /* InMemoryAPIKeyStore.swift */; };
		5197EECC2A3D40990017F32B /* ChatModelTests.swift in Sources */ = {isa = PBXBuildFile; fileRef = 5197EECB2A3D40990017F32B /* ChatModelTests.swift */; };
		51CAA0112A2A7EA70074E577 /* URLSessionHTTPClient.swift in Sources */ = {isa = PBXBuildFile; fileRef = 51CAA0102A2A7EA70074E577 /* URLSessionHTTPClient.swift */; };
		51D29B502A3E81B10086EB0E /* ChatModel.swift in Sources */ = {isa = PBXBuildFile; fileRef = 51D29B4F2A3E81B10086EB0E /* ChatModel.swift */; };
		51D29B522A3E82100086EB0E /* ChatView.swift in Sources */ = {isa = PBXBuildFile; fileRef = 51D29B512A3E82100086EB0E /* ChatView.swift */; };
		51D29B542A3E8A750086EB0E /* AIAssistant.framework in Frameworks */ = {isa = PBXBuildFile; fileRef = 515B91DC2A26306100599B59 /* AIAssistant.framework */; };
		51D29B552A3E8A750086EB0E /* AIAssistant.framework in Embed Frameworks */ = {isa = PBXBuildFile; fileRef = 515B91DC2A26306100599B59 /* AIAssistant.framework */; settings = {ATTRIBUTES = (CodeSignOnCopy, RemoveHeadersOnCopy, ); }; };
		51D29B5A2A3E8BD00086EB0E /* FakePromptSender.swift in Sources */ = {isa = PBXBuildFile; fileRef = 51D29B592A3E8BD00086EB0E /* FakePromptSender.swift */; };
		51D9D3A22A4564230062CE05 /* KeychainAPIKeyStore.swift in Sources */ = {isa = PBXBuildFile; fileRef = 51D9D3A12A4564230062CE05 /* KeychainAPIKeyStore.swift */; };
		51D9D3A92A45E1670062CE05 /* SettingsView.swift in Sources */ = {isa = PBXBuildFile; fileRef = 51D9D3A82A45E1670062CE05 /* SettingsView.swift */; };
		51D9D3AB2A474EBA0062CE05 /* ContentView.swift in Sources */ = {isa = PBXBuildFile; fileRef = 51D9D3AA2A474EBA0062CE05 /* ContentView.swift */; };
		51F07E4E2A414FF70026F299 /* PromptResponse.swift in Sources */ = {isa = PBXBuildFile; fileRef = 51F07E4D2A414FF70026F299 /* PromptResponse.swift */; };
		51F07E512A415B790026F299 /* PromptsAndResponsesView.swift in Sources */ = {isa = PBXBuildFile; fileRef = 51F07E502A415B790026F299 /* PromptsAndResponsesView.swift */; };
		51F07E532A415BBC0026F299 /* PromptTextInputView.swift in Sources */ = {isa = PBXBuildFile; fileRef = 51F07E522A415BBC0026F299 /* PromptTextInputView.swift */; };
		51FFECBC2A452C27008274FD /* KeychainAPIKeyStoreTests.swift in Sources */ = {isa = PBXBuildFile; fileRef = 51FFECBB2A452C27008274FD /* KeychainAPIKeyStoreTests.swift */; };
/* End PBXBuildFile section */

/* Begin PBXContainerItemProxy section */
		515B91E62A26306100599B59 /* PBXContainerItemProxy */ = {
			isa = PBXContainerItemProxy;
			containerPortal = 515B91D32A26306100599B59 /* Project object */;
			proxyType = 1;
			remoteGlobalIDString = 515B91DB2A26306100599B59;
			remoteInfo = AIAssistant;
		};
		51C2429C2A3D61BA009F543F /* PBXContainerItemProxy */ = {
			isa = PBXContainerItemProxy;
			containerPortal = 515B91D32A26306100599B59 /* Project object */;
			proxyType = 1;
			remoteGlobalIDString = 5133BD132A33F27000B35668;
			remoteInfo = AIAssistantMacOSApp;
		};
		51D29B562A3E8A750086EB0E /* PBXContainerItemProxy */ = {
			isa = PBXContainerItemProxy;
			containerPortal = 515B91D32A26306100599B59 /* Project object */;
			proxyType = 1;
			remoteGlobalIDString = 515B91DB2A26306100599B59;
			remoteInfo = AIAssistant;
		};
/* End PBXContainerItemProxy section */

/* Begin PBXCopyFilesBuildPhase section */
		51D29B582A3E8A750086EB0E /* Embed Frameworks */ = {
			isa = PBXCopyFilesBuildPhase;
			buildActionMask = 2147483647;
			dstPath = "";
			dstSubfolderSpec = 10;
			files = (
				51D29B552A3E8A750086EB0E /* AIAssistant.framework in Embed Frameworks */,
			);
			name = "Embed Frameworks";
			runOnlyForDeploymentPostprocessing = 0;
		};
/* End PBXCopyFilesBuildPhase section */

/* Begin PBXFileReference section */
		5103D3022A26F97C00BA4D6B /* OpenAIMessageSender.swift */ = {isa = PBXFileReference; lastKnownFileType = sourcecode.swift; path = OpenAIMessageSender.swift; sourceTree = "<group>"; };
		5103D3042A26F9A400BA4D6B /* HTTPClient.swift */ = {isa = PBXFileReference; lastKnownFileType = sourcecode.swift; path = HTTPClient.swift; sourceTree = "<group>"; };
		5103D3062A26F9CF00BA4D6B /* Message.swift */ = {isa = PBXFileReference; lastKnownFileType = sourcecode.swift; path = Message.swift; sourceTree = "<group>"; };
		5103D3082A279E3400BA4D6B /* PromptSender.swift */ = {isa = PBXFileReference; lastKnownFileType = sourcecode.swift; path = PromptSender.swift; sourceTree = "<group>"; };
		5103D30A2A27A17500BA4D6B /* URLSessionHTTPClientTests.swift */ = {isa = PBXFileReference; lastKnownFileType = sourcecode.swift; path = URLSessionHTTPClientTests.swift; sourceTree = "<group>"; };
		5133BD142A33F27000B35668 /* AIAssistantMacOSApp.app */ = {isa = PBXFileReference; explicitFileType = wrapper.application; includeInIndex = 0; path = AIAssistantMacOSApp.app; sourceTree = BUILT_PRODUCTS_DIR; };
		5133BD162A33F27000B35668 /* AIAssistantMacOSApp.swift */ = {isa = PBXFileReference; lastKnownFileType = sourcecode.swift; path = AIAssistantMacOSApp.swift; sourceTree = "<group>"; };
		5133BD1A2A33F27100B35668 /* Assets.xcassets */ = {isa = PBXFileReference; lastKnownFileType = folder.assetcatalog; path = Assets.xcassets; sourceTree = "<group>"; };
		5133BD1D2A33F27100B35668 /* Preview Assets.xcassets */ = {isa = PBXFileReference; lastKnownFileType = folder.assetcatalog; path = "Preview Assets.xcassets"; sourceTree = "<group>"; };
		5133BD1F2A33F27100B35668 /* AIAssistantMacOSApp.entitlements */ = {isa = PBXFileReference; lastKnownFileType = text.plist.entitlements; path = AIAssistantMacOSApp.entitlements; sourceTree = "<group>"; };
		515B91DC2A26306100599B59 /* AIAssistant.framework */ = {isa = PBXFileReference; explicitFileType = wrapper.framework; includeInIndex = 0; path = AIAssistant.framework; sourceTree = BUILT_PRODUCTS_DIR; };
		515B91E42A26306100599B59 /* AIAssistantTests.xctest */ = {isa = PBXFileReference; explicitFileType = wrapper.cfbundle; includeInIndex = 0; path = AIAssistantTests.xctest; sourceTree = BUILT_PRODUCTS_DIR; };
		515B91F42A26319600599B59 /* OpenAIMessageSenderTests.swift */ = {isa = PBXFileReference; lastKnownFileType = sourcecode.swift; path = OpenAIMessageSenderTests.swift; sourceTree = "<group>"; };
		517ECCC32A4D3B030084DE5C /* APIKeyLoader.swift */ = {isa = PBXFileReference; lastKnownFileType = sourcecode.swift; path = APIKeyLoader.swift; sourceTree = "<group>"; };
		517ECCC52A4D3B7B0084DE5C /* APIKeySaver.swift */ = {isa = PBXFileReference; lastKnownFileType = sourcecode.swift; path = APIKeySaver.swift; sourceTree = "<group>"; };
		517ECCC72A4D3EDD0084DE5C /* InMemoryAPIKeyStore.swift */ = {isa = PBXFileReference; lastKnownFileType = sourcecode.swift; path = InMemoryAPIKeyStore.swift; sourceTree = "<group>"; };
		5197EECB2A3D40990017F32B /* ChatModelTests.swift */ = {isa = PBXFileReference; lastKnownFileType = sourcecode.swift; path = ChatModelTests.swift; sourceTree = "<group>"; };
		51CAA0102A2A7EA70074E577 /* URLSessionHTTPClient.swift */ = {isa = PBXFileReference; lastKnownFileType = sourcecode.swift; path = URLSessionHTTPClient.swift; sourceTree = "<group>"; };
		51CAA0142A2A7F5E0074E577 /* AIAssistant.xctestplan */ = {isa = PBXFileReference; lastKnownFileType = text; path = AIAssistant.xctestplan; sourceTree = "<group>"; };
		51CAA0152A2A9DCE0074E577 /* CI.xctestplan */ = {isa = PBXFileReference; lastKnownFileType = text; path = CI.xctestplan; sourceTree = "<group>"; };
		51D29B4F2A3E81B10086EB0E /* ChatModel.swift */ = {isa = PBXFileReference; lastKnownFileType = sourcecode.swift; path = ChatModel.swift; sourceTree = "<group>"; };
		51D29B512A3E82100086EB0E /* ChatView.swift */ = {isa = PBXFileReference; lastKnownFileType = sourcecode.swift; path = ChatView.swift; sourceTree = "<group>"; };
		51D29B592A3E8BD00086EB0E /* FakePromptSender.swift */ = {isa = PBXFileReference; lastKnownFileType = sourcecode.swift; path = FakePromptSender.swift; sourceTree = "<group>"; };
		51D9D3A12A4564230062CE05 /* KeychainAPIKeyStore.swift */ = {isa = PBXFileReference; lastKnownFileType = sourcecode.swift; path = KeychainAPIKeyStore.swift; sourceTree = "<group>"; };
		51D9D3A82A45E1670062CE05 /* SettingsView.swift */ = {isa = PBXFileReference; lastKnownFileType = sourcecode.swift; path = SettingsView.swift; sourceTree = "<group>"; };
		51D9D3AA2A474EBA0062CE05 /* ContentView.swift */ = {isa = PBXFileReference; lastKnownFileType = sourcecode.swift; path = ContentView.swift; sourceTree = "<group>"; };
		51F07E4D2A414FF70026F299 /* PromptResponse.swift */ = {isa = PBXFileReference; lastKnownFileType = sourcecode.swift; path = PromptResponse.swift; sourceTree = "<group>"; };
		51F07E502A415B790026F299 /* PromptsAndResponsesView.swift */ = {isa = PBXFileReference; lastKnownFileType = sourcecode.swift; path = PromptsAndResponsesView.swift; sourceTree = "<group>"; };
		51F07E522A415BBC0026F299 /* PromptTextInputView.swift */ = {isa = PBXFileReference; lastKnownFileType = sourcecode.swift; path = PromptTextInputView.swift; sourceTree = "<group>"; };
		51FFECBB2A452C27008274FD /* KeychainAPIKeyStoreTests.swift */ = {isa = PBXFileReference; lastKnownFileType = sourcecode.swift; path = KeychainAPIKeyStoreTests.swift; sourceTree = "<group>"; };
/* End PBXFileReference section */

/* Begin PBXFrameworksBuildPhase section */
		5133BD112A33F27000B35668 /* Frameworks */ = {
			isa = PBXFrameworksBuildPhase;
			buildActionMask = 2147483647;
			files = (
				51D29B542A3E8A750086EB0E /* AIAssistant.framework in Frameworks */,
			);
			runOnlyForDeploymentPostprocessing = 0;
		};
		515B91D92A26306100599B59 /* Frameworks */ = {
			isa = PBXFrameworksBuildPhase;
			buildActionMask = 2147483647;
			files = (
			);
			runOnlyForDeploymentPostprocessing = 0;
		};
		515B91E12A26306100599B59 /* Frameworks */ = {
			isa = PBXFrameworksBuildPhase;
			buildActionMask = 2147483647;
			files = (
				515B91E52A26306100599B59 /* AIAssistant.framework in Frameworks */,
			);
			runOnlyForDeploymentPostprocessing = 0;
		};
/* End PBXFrameworksBuildPhase section */

/* Begin PBXGroup section */
		5133BD152A33F27000B35668 /* AIAssistantMacOSApp */ = {
			isa = PBXGroup;
			children = (
				51F07E4F2A415B5E0026F299 /* Views */,
				5133BD162A33F27000B35668 /* AIAssistantMacOSApp.swift */,
				5133BD1A2A33F27100B35668 /* Assets.xcassets */,
				5133BD1F2A33F27100B35668 /* AIAssistantMacOSApp.entitlements */,
				5133BD1C2A33F27100B35668 /* Preview Content */,
			);
			path = AIAssistantMacOSApp;
			sourceTree = "<group>";
		};
		5133BD1C2A33F27100B35668 /* Preview Content */ = {
			isa = PBXGroup;
			children = (
				51D29B592A3E8BD00086EB0E /* FakePromptSender.swift */,
				5133BD1D2A33F27100B35668 /* Preview Assets.xcassets */,
				517ECCC72A4D3EDD0084DE5C /* InMemoryAPIKeyStore.swift */,
			);
			path = "Preview Content";
			sourceTree = "<group>";
		};
		515B91D22A26306100599B59 = {
			isa = PBXGroup;
			children = (
				515B91DE2A26306100599B59 /* AIAssistant */,
				515B91E82A26306100599B59 /* AIAssistantTests */,
				5133BD152A33F27000B35668 /* AIAssistantMacOSApp */,
				51CAA0142A2A7F5E0074E577 /* AIAssistant.xctestplan */,
				51CAA0152A2A9DCE0074E577 /* CI.xctestplan */,
				515B91DD2A26306100599B59 /* Products */,
				51D29B532A3E8A750086EB0E /* Frameworks */,
			);
			sourceTree = "<group>";
		};
		515B91DD2A26306100599B59 /* Products */ = {
			isa = PBXGroup;
			children = (
				515B91DC2A26306100599B59 /* AIAssistant.framework */,
				515B91E42A26306100599B59 /* AIAssistantTests.xctest */,
				5133BD142A33F27000B35668 /* AIAssistantMacOSApp.app */,
			);
			name = Products;
			sourceTree = "<group>";
		};
		515B91DE2A26306100599B59 /* AIAssistant */ = {
			isa = PBXGroup;
			children = (
				51D9D39E2A4563E80062CE05 /* Chat */,
				51D9D39F2A4563F90062CE05 /* Settings */,
			);
			path = AIAssistant;
			sourceTree = "<group>";
		};
		515B91E82A26306100599B59 /* AIAssistantTests */ = {
			isa = PBXGroup;
			children = (
				51D9D3A32A4566750062CE05 /* Chat */,
				51D9D3A42A45667A0062CE05 /* Settings */,
			);
			path = AIAssistantTests;
			sourceTree = "<group>";
		};
		5197EECA2A3D40550017F32B /* Presentation */ = {
			isa = PBXGroup;
			children = (
				51D29B4F2A3E81B10086EB0E /* ChatModel.swift */,
				51F07E4D2A414FF70026F299 /* PromptResponse.swift */,
			);
			path = Presentation;
			sourceTree = "<group>";
		};
		51CAA0122A2A7ED90074E577 /* Infrastructure */ = {
			isa = PBXGroup;
			children = (
				5103D3042A26F9A400BA4D6B /* HTTPClient.swift */,
				51CAA0102A2A7EA70074E577 /* URLSessionHTTPClient.swift */,
			);
			path = Infrastructure;
			sourceTree = "<group>";
		};
		51CAA0132A2A7EE10074E577 /* Domain */ = {
			isa = PBXGroup;
			children = (
				5103D3062A26F9CF00BA4D6B /* Message.swift */,
			);
			path = Domain;
			sourceTree = "<group>";
		};
		51D29B532A3E8A750086EB0E /* Frameworks */ = {
			isa = PBXGroup;
			children = (
			);
			name = Frameworks;
			sourceTree = "<group>";
		};
		51D9D39E2A4563E80062CE05 /* Chat */ = {
			isa = PBXGroup;
			children = (
				51CAA0132A2A7EE10074E577 /* Domain */,
				51CAA0122A2A7ED90074E577 /* Infrastructure */,
				5197EECA2A3D40550017F32B /* Presentation */,
				5103D3022A26F97C00BA4D6B /* OpenAIMessageSender.swift */,
				5103D3082A279E3400BA4D6B /* PromptSender.swift */,
			);
			path = Chat;
			sourceTree = "<group>";
		};
		51D9D39F2A4563F90062CE05 /* Settings */ = {
			isa = PBXGroup;
			children = (
				51D9D3A02A4564130062CE05 /* Infrastructure */,
				517ECCC32A4D3B030084DE5C /* APIKeyLoader.swift */,
				517ECCC52A4D3B7B0084DE5C /* APIKeySaver.swift */,
			);
			path = Settings;
			sourceTree = "<group>";
		};
		51D9D3A02A4564130062CE05 /* Infrastructure */ = {
			isa = PBXGroup;
			children = (
				51D9D3A12A4564230062CE05 /* KeychainAPIKeyStore.swift */,
			);
			path = Infrastructure;
			sourceTree = "<group>";
		};
		51D9D3A32A4566750062CE05 /* Chat */ = {
			isa = PBXGroup;
			children = (
				515B91F42A26319600599B59 /* OpenAIMessageSenderTests.swift */,
				5103D30A2A27A17500BA4D6B /* URLSessionHTTPClientTests.swift */,
				5197EECB2A3D40990017F32B /* ChatModelTests.swift */,
			);
			path = Chat;
			sourceTree = "<group>";
		};
		51D9D3A42A45667A0062CE05 /* Settings */ = {
			isa = PBXGroup;
			children = (
				51FFECBB2A452C27008274FD /* KeychainAPIKeyStoreTests.swift */,
			);
			path = Settings;
			sourceTree = "<group>";
		};
		51F07E4F2A415B5E0026F299 /* Views */ = {
			isa = PBXGroup;
			children = (
				51D29B512A3E82100086EB0E /* ChatView.swift */,
				51F07E502A415B790026F299 /* PromptsAndResponsesView.swift */,
				51F07E522A415BBC0026F299 /* PromptTextInputView.swift */,
				51D9D3A82A45E1670062CE05 /* SettingsView.swift */,
				51D9D3AA2A474EBA0062CE05 /* ContentView.swift */,
			);
			path = Views;
			sourceTree = "<group>";
		};
/* End PBXGroup section */

/* Begin PBXHeadersBuildPhase section */
		515B91D72A26306100599B59 /* Headers */ = {
			isa = PBXHeadersBuildPhase;
			buildActionMask = 2147483647;
			files = (
			);
			runOnlyForDeploymentPostprocessing = 0;
		};
/* End PBXHeadersBuildPhase section */

/* Begin PBXNativeTarget section */
		5133BD132A33F27000B35668 /* AIAssistantMacOSApp */ = {
			isa = PBXNativeTarget;
			buildConfigurationList = 5133BD222A33F27100B35668 /* Build configuration list for PBXNativeTarget "AIAssistantMacOSApp" */;
			buildPhases = (
				5133BD102A33F27000B35668 /* Sources */,
				5133BD112A33F27000B35668 /* Frameworks */,
				5133BD122A33F27000B35668 /* Resources */,
				51D29B582A3E8A750086EB0E /* Embed Frameworks */,
			);
			buildRules = (
			);
			dependencies = (
				51D29B572A3E8A750086EB0E /* PBXTargetDependency */,
			);
			name = AIAssistantMacOSApp;
			productName = AIAssistantMacOSApp;
			productReference = 5133BD142A33F27000B35668 /* AIAssistantMacOSApp.app */;
			productType = "com.apple.product-type.application";
		};
		515B91DB2A26306100599B59 /* AIAssistant */ = {
			isa = PBXNativeTarget;
			buildConfigurationList = 515B91EE2A26306100599B59 /* Build configuration list for PBXNativeTarget "AIAssistant" */;
			buildPhases = (
				515B91D72A26306100599B59 /* Headers */,
				515B91D82A26306100599B59 /* Sources */,
				515B91D92A26306100599B59 /* Frameworks */,
				515B91DA2A26306100599B59 /* Resources */,
			);
			buildRules = (
			);
			dependencies = (
			);
			name = AIAssistant;
			productName = AIAssistant;
			productReference = 515B91DC2A26306100599B59 /* AIAssistant.framework */;
			productType = "com.apple.product-type.framework";
		};
		515B91E32A26306100599B59 /* AIAssistantTests */ = {
			isa = PBXNativeTarget;
			buildConfigurationList = 515B91F12A26306100599B59 /* Build configuration list for PBXNativeTarget "AIAssistantTests" */;
			buildPhases = (
				515B91E02A26306100599B59 /* Sources */,
				515B91E12A26306100599B59 /* Frameworks */,
				515B91E22A26306100599B59 /* Resources */,
			);
			buildRules = (
			);
			dependencies = (
				515B91E72A26306100599B59 /* PBXTargetDependency */,
				51C2429D2A3D61BA009F543F /* PBXTargetDependency */,
			);
			name = AIAssistantTests;
			productName = AIAssistantTests;
			productReference = 515B91E42A26306100599B59 /* AIAssistantTests.xctest */;
			productType = "com.apple.product-type.bundle.unit-test";
		};
/* End PBXNativeTarget section */

/* Begin PBXProject section */
		515B91D32A26306100599B59 /* Project object */ = {
			isa = PBXProject;
			attributes = {
				BuildIndependentTargetsInParallel = 1;
				LastSwiftUpdateCheck = 1430;
				LastUpgradeCheck = 1430;
				TargetAttributes = {
					5133BD132A33F27000B35668 = {
						CreatedOnToolsVersion = 14.3.1;
					};
					515B91DB2A26306100599B59 = {
						CreatedOnToolsVersion = 14.3;
						LastSwiftMigration = 1430;
					};
					515B91E32A26306100599B59 = {
						CreatedOnToolsVersion = 14.3;
						LastSwiftMigration = 1430;
					};
				};
			};
			buildConfigurationList = 515B91D62A26306100599B59 /* Build configuration list for PBXProject "AIAssistant" */;
			compatibilityVersion = "Xcode 14.0";
			developmentRegion = en;
			hasScannedForEncodings = 0;
			knownRegions = (
				en,
				Base,
			);
			mainGroup = 515B91D22A26306100599B59;
			productRefGroup = 515B91DD2A26306100599B59 /* Products */;
			projectDirPath = "";
			projectRoot = "";
			targets = (
				515B91DB2A26306100599B59 /* AIAssistant */,
				515B91E32A26306100599B59 /* AIAssistantTests */,
				5133BD132A33F27000B35668 /* AIAssistantMacOSApp */,
			);
		};
/* End PBXProject section */

/* Begin PBXResourcesBuildPhase section */
		5133BD122A33F27000B35668 /* Resources */ = {
			isa = PBXResourcesBuildPhase;
			buildActionMask = 2147483647;
			files = (
				5133BD1E2A33F27100B35668 /* Preview Assets.xcassets in Resources */,
				5133BD1B2A33F27100B35668 /* Assets.xcassets in Resources */,
			);
			runOnlyForDeploymentPostprocessing = 0;
		};
		515B91DA2A26306100599B59 /* Resources */ = {
			isa = PBXResourcesBuildPhase;
			buildActionMask = 2147483647;
			files = (
			);
			runOnlyForDeploymentPostprocessing = 0;
		};
		515B91E22A26306100599B59 /* Resources */ = {
			isa = PBXResourcesBuildPhase;
			buildActionMask = 2147483647;
			files = (
			);
			runOnlyForDeploymentPostprocessing = 0;
		};
/* End PBXResourcesBuildPhase section */

/* Begin PBXSourcesBuildPhase section */
		5133BD102A33F27000B35668 /* Sources */ = {
			isa = PBXSourcesBuildPhase;
			buildActionMask = 2147483647;
			files = (
				51F07E532A415BBC0026F299 /* PromptTextInputView.swift in Sources */,
				51D29B522A3E82100086EB0E /* ChatView.swift in Sources */,
				51D9D3AB2A474EBA0062CE05 /* ContentView.swift in Sources */,
				51F07E512A415B790026F299 /* PromptsAndResponsesView.swift in Sources */,
				517ECCC82A4D3EDD0084DE5C /* InMemoryAPIKeyStore.swift in Sources */,
				51D9D3A92A45E1670062CE05 /* SettingsView.swift in Sources */,
				5133BD172A33F27000B35668 /* AIAssistantMacOSApp.swift in Sources */,
				51D29B5A2A3E8BD00086EB0E /* FakePromptSender.swift in Sources */,
			);
			runOnlyForDeploymentPostprocessing = 0;
		};
		515B91D82A26306100599B59 /* Sources */ = {
			isa = PBXSourcesBuildPhase;
			buildActionMask = 2147483647;
			files = (
				517ECCC42A4D3B030084DE5C /* APIKeyLoader.swift in Sources */,
				51D9D3A22A4564230062CE05 /* KeychainAPIKeyStore.swift in Sources */,
				5103D3092A279E3400BA4D6B /* PromptSender.swift in Sources */,
				51D29B502A3E81B10086EB0E /* ChatModel.swift in Sources */,
				517ECCC62A4D3B7B0084DE5C /* APIKeySaver.swift in Sources */,
				51F07E4E2A414FF70026F299 /* PromptResponse.swift in Sources */,
				51CAA0112A2A7EA70074E577 /* URLSessionHTTPClient.swift in Sources */,
				5103D3072A26F9CF00BA4D6B /* Message.swift in Sources */,
				5103D3052A26F9A400BA4D6B /* HTTPClient.swift in Sources */,
				5103D3032A26F97C00BA4D6B /* OpenAIMessageSender.swift in Sources */,
			);
			runOnlyForDeploymentPostprocessing = 0;
		};
		515B91E02A26306100599B59 /* Sources */ = {
			isa = PBXSourcesBuildPhase;
			buildActionMask = 2147483647;
			files = (
				515B91F52A26319600599B59 /* OpenAIMessageSenderTests.swift in Sources */,
				5103D30B2A27A17500BA4D6B /* URLSessionHTTPClientTests.swift in Sources */,
				5197EECC2A3D40990017F32B /* ChatModelTests.swift in Sources */,
				51FFECBC2A452C27008274FD /* KeychainAPIKeyStoreTests.swift in Sources */,
			);
			runOnlyForDeploymentPostprocessing = 0;
		};
/* End PBXSourcesBuildPhase section */

/* Begin PBXTargetDependency section */
		515B91E72A26306100599B59 /* PBXTargetDependency */ = {
			isa = PBXTargetDependency;
			target = 515B91DB2A26306100599B59 /* AIAssistant */;
			targetProxy = 515B91E62A26306100599B59 /* PBXContainerItemProxy */;
		};
		51C2429D2A3D61BA009F543F /* PBXTargetDependency */ = {
			isa = PBXTargetDependency;
			target = 5133BD132A33F27000B35668 /* AIAssistantMacOSApp */;
			targetProxy = 51C2429C2A3D61BA009F543F /* PBXContainerItemProxy */;
		};
		51D29B572A3E8A750086EB0E /* PBXTargetDependency */ = {
			isa = PBXTargetDependency;
			target = 515B91DB2A26306100599B59 /* AIAssistant */;
			targetProxy = 51D29B562A3E8A750086EB0E /* PBXContainerItemProxy */;
		};
/* End PBXTargetDependency section */

/* Begin XCBuildConfiguration section */
		5133BD202A33F27100B35668 /* Debug */ = {
			isa = XCBuildConfiguration;
			buildSettings = {
				ASSETCATALOG_COMPILER_APPICON_NAME = AppIcon;
				ASSETCATALOG_COMPILER_GLOBAL_ACCENT_COLOR_NAME = AccentColor;
				CODE_SIGN_ENTITLEMENTS = AIAssistantMacOSApp/AIAssistantMacOSApp.entitlements;
				CODE_SIGN_STYLE = Automatic;
				COMBINE_HIDPI_IMAGES = YES;
				CURRENT_PROJECT_VERSION = 1;
				DEVELOPMENT_ASSET_PATHS = "\"AIAssistantMacOSApp/Preview Content\"";
				DEVELOPMENT_TEAM = B8AGE2A2NW;
				ENABLE_HARDENED_RUNTIME = YES;
				ENABLE_PREVIEWS = YES;
				GENERATE_INFOPLIST_FILE = YES;
				INFOPLIST_KEY_NSHumanReadableCopyright = "";
				LD_RUNPATH_SEARCH_PATHS = (
					"$(inherited)",
					"@executable_path/../Frameworks",
				);
				MARKETING_VERSION = 1.0;
				PRODUCT_BUNDLE_IDENTIFIER = com.sepheise.AIAssistantMacOSApp;
				PRODUCT_NAME = "$(TARGET_NAME)";
				SWIFT_EMIT_LOC_STRINGS = YES;
				SWIFT_VERSION = 5.0;
			};
			name = Debug;
		};
		5133BD212A33F27100B35668 /* Release */ = {
			isa = XCBuildConfiguration;
			buildSettings = {
				ASSETCATALOG_COMPILER_APPICON_NAME = AppIcon;
				ASSETCATALOG_COMPILER_GLOBAL_ACCENT_COLOR_NAME = AccentColor;
				CODE_SIGN_ENTITLEMENTS = AIAssistantMacOSApp/AIAssistantMacOSApp.entitlements;
				CODE_SIGN_STYLE = Automatic;
				COMBINE_HIDPI_IMAGES = YES;
				CURRENT_PROJECT_VERSION = 1;
				DEVELOPMENT_ASSET_PATHS = "\"AIAssistantMacOSApp/Preview Content\"";
				DEVELOPMENT_TEAM = B8AGE2A2NW;
				ENABLE_HARDENED_RUNTIME = YES;
				ENABLE_PREVIEWS = YES;
				GENERATE_INFOPLIST_FILE = YES;
				INFOPLIST_KEY_NSHumanReadableCopyright = "";
				LD_RUNPATH_SEARCH_PATHS = (
					"$(inherited)",
					"@executable_path/../Frameworks",
				);
				MARKETING_VERSION = 1.0;
				PRODUCT_BUNDLE_IDENTIFIER = com.sepheise.AIAssistantMacOSApp;
				PRODUCT_NAME = "$(TARGET_NAME)";
				SWIFT_EMIT_LOC_STRINGS = YES;
				SWIFT_VERSION = 5.0;
			};
			name = Release;
		};
		515B91EC2A26306100599B59 /* Debug */ = {
			isa = XCBuildConfiguration;
			buildSettings = {
				ALWAYS_SEARCH_USER_PATHS = NO;
				CLANG_ANALYZER_NONNULL = YES;
				CLANG_ANALYZER_NUMBER_OBJECT_CONVERSION = YES_AGGRESSIVE;
				CLANG_CXX_LANGUAGE_STANDARD = "gnu++20";
				CLANG_ENABLE_MODULES = YES;
				CLANG_ENABLE_OBJC_ARC = YES;
				CLANG_ENABLE_OBJC_WEAK = YES;
				CLANG_WARN_BLOCK_CAPTURE_AUTORELEASING = YES;
				CLANG_WARN_BOOL_CONVERSION = YES;
				CLANG_WARN_COMMA = YES;
				CLANG_WARN_CONSTANT_CONVERSION = YES;
				CLANG_WARN_DEPRECATED_OBJC_IMPLEMENTATIONS = YES;
				CLANG_WARN_DIRECT_OBJC_ISA_USAGE = YES_ERROR;
				CLANG_WARN_DOCUMENTATION_COMMENTS = YES;
				CLANG_WARN_EMPTY_BODY = YES;
				CLANG_WARN_ENUM_CONVERSION = YES;
				CLANG_WARN_INFINITE_RECURSION = YES;
				CLANG_WARN_INT_CONVERSION = YES;
				CLANG_WARN_NON_LITERAL_NULL_CONVERSION = YES;
				CLANG_WARN_OBJC_IMPLICIT_RETAIN_SELF = YES;
				CLANG_WARN_OBJC_LITERAL_CONVERSION = YES;
				CLANG_WARN_OBJC_ROOT_CLASS = YES_ERROR;
				CLANG_WARN_QUOTED_INCLUDE_IN_FRAMEWORK_HEADER = YES;
				CLANG_WARN_RANGE_LOOP_ANALYSIS = YES;
				CLANG_WARN_STRICT_PROTOTYPES = YES;
				CLANG_WARN_SUSPICIOUS_MOVE = YES;
				CLANG_WARN_UNGUARDED_AVAILABILITY = YES_AGGRESSIVE;
				CLANG_WARN_UNREACHABLE_CODE = YES;
				CLANG_WARN__DUPLICATE_METHOD_MATCH = YES;
				COPY_PHASE_STRIP = NO;
				CURRENT_PROJECT_VERSION = 1;
				DEBUG_INFORMATION_FORMAT = dwarf;
				ENABLE_STRICT_OBJC_MSGSEND = YES;
				ENABLE_TESTABILITY = YES;
				GCC_C_LANGUAGE_STANDARD = gnu11;
				GCC_DYNAMIC_NO_PIC = NO;
				GCC_NO_COMMON_BLOCKS = YES;
				GCC_OPTIMIZATION_LEVEL = 0;
				GCC_PREPROCESSOR_DEFINITIONS = (
					"DEBUG=1",
					"$(inherited)",
				);
				GCC_WARN_64_TO_32_BIT_CONVERSION = YES;
				GCC_WARN_ABOUT_RETURN_TYPE = YES_ERROR;
				GCC_WARN_UNDECLARED_SELECTOR = YES;
				GCC_WARN_UNINITIALIZED_AUTOS = YES_AGGRESSIVE;
				GCC_WARN_UNUSED_FUNCTION = YES;
				GCC_WARN_UNUSED_VARIABLE = YES;
				MACOSX_DEPLOYMENT_TARGET = 13.1;
				MTL_ENABLE_DEBUG_INFO = INCLUDE_SOURCE;
				MTL_FAST_MATH = YES;
				ONLY_ACTIVE_ARCH = YES;
				SDKROOT = macosx;
				SWIFT_ACTIVE_COMPILATION_CONDITIONS = DEBUG;
				SWIFT_OPTIMIZATION_LEVEL = "-Onone";
				VERSIONING_SYSTEM = "apple-generic";
				VERSION_INFO_PREFIX = "";
			};
			name = Debug;
		};
		515B91ED2A26306100599B59 /* Release */ = {
			isa = XCBuildConfiguration;
			buildSettings = {
				ALWAYS_SEARCH_USER_PATHS = NO;
				CLANG_ANALYZER_NONNULL = YES;
				CLANG_ANALYZER_NUMBER_OBJECT_CONVERSION = YES_AGGRESSIVE;
				CLANG_CXX_LANGUAGE_STANDARD = "gnu++20";
				CLANG_ENABLE_MODULES = YES;
				CLANG_ENABLE_OBJC_ARC = YES;
				CLANG_ENABLE_OBJC_WEAK = YES;
				CLANG_WARN_BLOCK_CAPTURE_AUTORELEASING = YES;
				CLANG_WARN_BOOL_CONVERSION = YES;
				CLANG_WARN_COMMA = YES;
				CLANG_WARN_CONSTANT_CONVERSION = YES;
				CLANG_WARN_DEPRECATED_OBJC_IMPLEMENTATIONS = YES;
				CLANG_WARN_DIRECT_OBJC_ISA_USAGE = YES_ERROR;
				CLANG_WARN_DOCUMENTATION_COMMENTS = YES;
				CLANG_WARN_EMPTY_BODY = YES;
				CLANG_WARN_ENUM_CONVERSION = YES;
				CLANG_WARN_INFINITE_RECURSION = YES;
				CLANG_WARN_INT_CONVERSION = YES;
				CLANG_WARN_NON_LITERAL_NULL_CONVERSION = YES;
				CLANG_WARN_OBJC_IMPLICIT_RETAIN_SELF = YES;
				CLANG_WARN_OBJC_LITERAL_CONVERSION = YES;
				CLANG_WARN_OBJC_ROOT_CLASS = YES_ERROR;
				CLANG_WARN_QUOTED_INCLUDE_IN_FRAMEWORK_HEADER = YES;
				CLANG_WARN_RANGE_LOOP_ANALYSIS = YES;
				CLANG_WARN_STRICT_PROTOTYPES = YES;
				CLANG_WARN_SUSPICIOUS_MOVE = YES;
				CLANG_WARN_UNGUARDED_AVAILABILITY = YES_AGGRESSIVE;
				CLANG_WARN_UNREACHABLE_CODE = YES;
				CLANG_WARN__DUPLICATE_METHOD_MATCH = YES;
				COPY_PHASE_STRIP = NO;
				CURRENT_PROJECT_VERSION = 1;
				DEBUG_INFORMATION_FORMAT = "dwarf-with-dsym";
				ENABLE_NS_ASSERTIONS = NO;
				ENABLE_STRICT_OBJC_MSGSEND = YES;
				GCC_C_LANGUAGE_STANDARD = gnu11;
				GCC_NO_COMMON_BLOCKS = YES;
				GCC_WARN_64_TO_32_BIT_CONVERSION = YES;
				GCC_WARN_ABOUT_RETURN_TYPE = YES_ERROR;
				GCC_WARN_UNDECLARED_SELECTOR = YES;
				GCC_WARN_UNINITIALIZED_AUTOS = YES_AGGRESSIVE;
				GCC_WARN_UNUSED_FUNCTION = YES;
				GCC_WARN_UNUSED_VARIABLE = YES;
				MACOSX_DEPLOYMENT_TARGET = 13.1;
				MTL_ENABLE_DEBUG_INFO = NO;
				MTL_FAST_MATH = YES;
				SDKROOT = macosx;
				SWIFT_COMPILATION_MODE = wholemodule;
				SWIFT_OPTIMIZATION_LEVEL = "-O";
				VERSIONING_SYSTEM = "apple-generic";
				VERSION_INFO_PREFIX = "";
			};
			name = Release;
		};
		515B91EF2A26306100599B59 /* Debug */ = {
			isa = XCBuildConfiguration;
			buildSettings = {
				CLANG_ENABLE_MODULES = YES;
				"CODE_SIGN_IDENTITY[sdk=macosx*]" = "Apple Development";
				CODE_SIGN_STYLE = Automatic;
				COMBINE_HIDPI_IMAGES = YES;
				CURRENT_PROJECT_VERSION = 1;
				DEFINES_MODULE = YES;
				DEVELOPMENT_TEAM = B8AGE2A2NW;
				DYLIB_COMPATIBILITY_VERSION = 1;
				DYLIB_CURRENT_VERSION = 1;
				DYLIB_INSTALL_NAME_BASE = "@rpath";
				ENABLE_MODULE_VERIFIER = YES;
				GENERATE_INFOPLIST_FILE = YES;
				INFOPLIST_KEY_NSHumanReadableCopyright = "";
				INSTALL_PATH = "$(LOCAL_LIBRARY_DIR)/Frameworks";
				LD_RUNPATH_SEARCH_PATHS = (
					"$(inherited)",
					"@executable_path/../Frameworks",
					"@loader_path/Frameworks",
				);
				MARKETING_VERSION = 1.0;
				MODULE_VERIFIER_SUPPORTED_LANGUAGES = "objective-c objective-c++";
				MODULE_VERIFIER_SUPPORTED_LANGUAGE_STANDARDS = "gnu11 gnu++20";
				PRODUCT_BUNDLE_IDENTIFIER = com.sepheise.AIAssistant;
				PRODUCT_NAME = "$(TARGET_NAME:c99extidentifier)";
				SKIP_INSTALL = YES;
				SWIFT_EMIT_LOC_STRINGS = YES;
				SWIFT_OPTIMIZATION_LEVEL = "-Onone";
				SWIFT_VERSION = 5.0;
			};
			name = Debug;
		};
		515B91F02A26306100599B59 /* Release */ = {
			isa = XCBuildConfiguration;
			buildSettings = {
				CLANG_ENABLE_MODULES = YES;
				"CODE_SIGN_IDENTITY[sdk=macosx*]" = "Apple Development";
				CODE_SIGN_STYLE = Automatic;
				COMBINE_HIDPI_IMAGES = YES;
				CURRENT_PROJECT_VERSION = 1;
				DEFINES_MODULE = YES;
				DEVELOPMENT_TEAM = B8AGE2A2NW;
				DYLIB_COMPATIBILITY_VERSION = 1;
				DYLIB_CURRENT_VERSION = 1;
				DYLIB_INSTALL_NAME_BASE = "@rpath";
				ENABLE_MODULE_VERIFIER = YES;
				GENERATE_INFOPLIST_FILE = YES;
				INFOPLIST_KEY_NSHumanReadableCopyright = "";
				INSTALL_PATH = "$(LOCAL_LIBRARY_DIR)/Frameworks";
				LD_RUNPATH_SEARCH_PATHS = (
					"$(inherited)",
					"@executable_path/../Frameworks",
					"@loader_path/Frameworks",
				);
				MARKETING_VERSION = 1.0;
				MODULE_VERIFIER_SUPPORTED_LANGUAGES = "objective-c objective-c++";
				MODULE_VERIFIER_SUPPORTED_LANGUAGE_STANDARDS = "gnu11 gnu++20";
				PRODUCT_BUNDLE_IDENTIFIER = com.sepheise.AIAssistant;
				PRODUCT_NAME = "$(TARGET_NAME:c99extidentifier)";
				SKIP_INSTALL = YES;
				SWIFT_EMIT_LOC_STRINGS = YES;
				SWIFT_VERSION = 5.0;
			};
			name = Release;
		};
		515B91F22A26306100599B59 /* Debug */ = {
			isa = XCBuildConfiguration;
			buildSettings = {
				ALWAYS_EMBED_SWIFT_STANDARD_LIBRARIES = YES;
				CLANG_ENABLE_MODULES = YES;
				CODE_SIGN_STYLE = Automatic;
				CURRENT_PROJECT_VERSION = 1;
				DEVELOPMENT_TEAM = B8AGE2A2NW;
				GENERATE_INFOPLIST_FILE = YES;
				MARKETING_VERSION = 1.0;
				PRODUCT_BUNDLE_IDENTIFIER = com.sepheise.AIAssistantTests;
				PRODUCT_NAME = "$(TARGET_NAME)";
				SWIFT_EMIT_LOC_STRINGS = NO;
				SWIFT_OPTIMIZATION_LEVEL = "-Onone";
				SWIFT_VERSION = 5.0;
			};
			name = Debug;
		};
		515B91F32A26306100599B59 /* Release */ = {
			isa = XCBuildConfiguration;
			buildSettings = {
				ALWAYS_EMBED_SWIFT_STANDARD_LIBRARIES = YES;
				CLANG_ENABLE_MODULES = YES;
				CODE_SIGN_STYLE = Automatic;
				CURRENT_PROJECT_VERSION = 1;
				DEVELOPMENT_TEAM = B8AGE2A2NW;
				GENERATE_INFOPLIST_FILE = YES;
				MARKETING_VERSION = 1.0;
				PRODUCT_BUNDLE_IDENTIFIER = com.sepheise.AIAssistantTests;
				PRODUCT_NAME = "$(TARGET_NAME)";
				SWIFT_EMIT_LOC_STRINGS = NO;
				SWIFT_VERSION = 5.0;
			};
			name = Release;
		};
/* End XCBuildConfiguration section */

/* Begin XCConfigurationList section */
		5133BD222A33F27100B35668 /* Build configuration list for PBXNativeTarget "AIAssistantMacOSApp" */ = {
			isa = XCConfigurationList;
			buildConfigurations = (
				5133BD202A33F27100B35668 /* Debug */,
				5133BD212A33F27100B35668 /* Release */,
			);
			defaultConfigurationIsVisible = 0;
			defaultConfigurationName = Release;
		};
		515B91D62A26306100599B59 /* Build configuration list for PBXProject "AIAssistant" */ = {
			isa = XCConfigurationList;
			buildConfigurations = (
				515B91EC2A26306100599B59 /* Debug */,
				515B91ED2A26306100599B59 /* Release */,
			);
			defaultConfigurationIsVisible = 0;
			defaultConfigurationName = Release;
		};
		515B91EE2A26306100599B59 /* Build configuration list for PBXNativeTarget "AIAssistant" */ = {
			isa = XCConfigurationList;
			buildConfigurations = (
				515B91EF2A26306100599B59 /* Debug */,
				515B91F02A26306100599B59 /* Release */,
			);
			defaultConfigurationIsVisible = 0;
			defaultConfigurationName = Release;
		};
		515B91F12A26306100599B59 /* Build configuration list for PBXNativeTarget "AIAssistantTests" */ = {
			isa = XCConfigurationList;
			buildConfigurations = (
				515B91F22A26306100599B59 /* Debug */,
				515B91F32A26306100599B59 /* Release */,
			);
			defaultConfigurationIsVisible = 0;
			defaultConfigurationName = Release;
		};
/* End XCConfigurationList section */
	};
	rootObject = 515B91D32A26306100599B59 /* Project object */;
}
